<Solution>
  <Project Path="01_ProgramRoute/01_ProgramRoute.csproj" />
  <Project Path="02_ControllerToView/02_ControllerToView.csproj" Id="7d587f88-6ab9-4644-8750-28c1e2b02291" />
  <Project Path="03_ViewToController/03_ViewToController.csproj" Id="fa92163e-1b0e-445e-8216-4958e4f2e613" />
  <Project Path="04_ViewData_ViewBag_TempData/04_ViewData_ViewBag_TempData.csproj" Id="01310993-dd64-4ea2-80f5-6d079dc89a03" />
  <Project Path="05_Html_Helpers/05_Html_Helpers.csproj" Id="c892152f-c507-4ab2-9fa3-3cedb6d3d736" />
  <Project Path="06_Custom_Helpers/06_Custom_Helpers.csproj" Id="349ff3c1-c382-4441-bf2f-f6734f40c2b6" />
  <Project Path="07_View_Layout_PartialView/07_View_Layout_PartialView.csproj" Id="abd818ec-0952-4801-bd7a-761fa357d210" />
  <Project Path="08_Render_Section_Nested/08_Render_Section_Nested.csproj" Id="6afeb2af-6f15-4fc6-8e5e-6885e6797c60" />
  <Project Path="09_ModelsBinding/09_ModelsBinding.csproj" Id="d1dd16af-db43-4f67-8745-f03931b34871" />
  <Project Path="10_FluentValidation/10_FluentValidation.csproj" Id="3f29d2c8-8805-4ca0-b68f-988bce408e54" />
  <Project Path="11_AutoMapper/11_AutoMapper.csproj" Id="21201906-aaa2-4ed7-8f65-168253360bab" />
  <Project Path="12_Dependency_Injection/12_Dependency_Injection.csproj" Id="a54399bc-c306-4ee4-94b0-e2fab7b99a98" />
  <Project Path="13_StateManagement/13_StateManagement.csproj" Id="f65d02d1-4aa9-44a9-9d20-bdeef29af8ea" />
  <Project Path="13_StateManagement_2/13_StateManagement_2.csproj" Id="94631317-3cb0-471f-b998-68ce3c115c42" />
</Solution>
